
Microsoft Visual Studio Solution File, Format Version 12.00
# Visual Studio 15
VisualStudioVersion = 15.0.27130.2003
MinimumVisualStudioVersion = 10.0.40219.1
Project("{FAE04EC0-301F-11D3-BF4B-00C04F79EFBC}") = "AbpExtend.Web", "src\AbpExtend.Web\AbpExtend.Web.csproj", "{DCB00EF6-940F-4DFF-9548-CD740AEC09F1}"
EndProject
Project("{FAE04EC0-301F-11D3-BF4B-00C04F79EFBC}") = "AbpExtend.Web.Api", "src\AbpExtend.Web.Api\AbpExtend.Web.Api.csproj", "{3175814C-E225-49FF-8C7A-099EC6B1C926}"
EndProject
Project("{FAE04EC0-301F-11D3-BF4B-00C04F79EFBC}") = "AbpExtend", "src\AbpExtend\AbpExtend.csproj", "{DDF15BA1-6787-4B21-A64F-85511AB46078}"
EndProject
Project("{FAE04EC0-301F-11D3-BF4B-00C04F79EFBC}") = "AbpExtend.Web.SignalR", "src\AbpExtend.Web.SignalR\AbpExtend.Web.SignalR.csproj", "{A6A29204-92DA-43DC-8426-5C5BA37CF347}"
EndProject
Global
	GlobalSection(SolutionConfigurationPlatforms) = preSolution
		Debug|Any CPU = Debug|Any CPU
		Release|Any CPU = Release|Any CPU
	EndGlobalSection
	GlobalSection(ProjectConfigurationPlatforms) = postSolution
		{DCB00EF6-940F-4DFF-9548-CD740AEC09F1}.Debug|Any CPU.ActiveCfg = Debug|Any CPU
		{DCB00EF6-940F-4DFF-9548-CD740AEC09F1}.Debug|Any CPU.Build.0 = Debug|Any CPU
		{DCB00EF6-940F-4DFF-9548-CD740AEC09F1}.Release|Any CPU.ActiveCfg = Release|Any CPU
		{DCB00EF6-940F-4DFF-9548-CD740AEC09F1}.Release|Any CPU.Build.0 = Release|Any CPU
		{3175814C-E225-49FF-8C7A-099EC6B1C926}.Debug|Any CPU.ActiveCfg = Debug|Any CPU
		{3175814C-E225-49FF-8C7A-099EC6B1C926}.Debug|Any CPU.Build.0 = Debug|Any CPU
		{3175814C-E225-49FF-8C7A-099EC6B1C926}.Release|Any CPU.ActiveCfg = Release|Any CPU
		{3175814C-E225-49FF-8C7A-099EC6B1C926}.Release|Any CPU.Build.0 = Release|Any CPU
		{DDF15BA1-6787-4B21-A64F-85511AB46078}.Debug|Any CPU.ActiveCfg = Debug|Any CPU
		{DDF15BA1-6787-4B21-A64F-85511AB46078}.Debug|Any CPU.Build.0 = Debug|Any CPU
		{DDF15BA1-6787-4B21-A64F-85511AB46078}.Release|Any CPU.ActiveCfg = Release|Any CPU
		{DDF15BA1-6787-4B21-A64F-85511AB46078}.Release|Any CPU.Build.0 = Release|Any CPU
		{A6A29204-92DA-43DC-8426-5C5BA37CF347}.Debug|Any CPU.ActiveCfg = Debug|Any CPU
		{A6A29204-92DA-43DC-8426-5C5BA37CF347}.Debug|Any CPU.Build.0 = Debug|Any CPU
		{A6A29204-92DA-43DC-8426-5C5BA37CF347}.Release|Any CPU.ActiveCfg = Release|Any CPU
		{A6A29204-92DA-43DC-8426-5C5BA37CF347}.Release|Any CPU.Build.0 = Release|Any CPU
	EndGlobalSection
	GlobalSection(SolutionProperties) = preSolution
		HideSolutionNode = FALSE
	EndGlobalSection
	GlobalSection(ExtensibilityGlobals) = postSolution
		SolutionGuid = {7E236B4F-B680-4310-BDEF-4FD55BD9DC11}
	EndGlobalSection
EndGlobal
